{
  "name": "toad_modules",
  "version": "2.6.0",
  "lockfileVersion": 1,
  "requires": true,
  "dependencies": {
    "async": {
      "version": "1.4.2",
      "resolved": "https://registry.npmjs.org/async/-/async-1.4.2.tgz",
      "integrity": "sha1-bJ7csRztTw3S8tQNsNSaEJwIiqs="
    },
    "gar": {
      "version": "1.0.2",
      "resolved": "https://registry.npmjs.org/gar/-/gar-1.0.2.tgz",
      "integrity": "sha512-Zn3tdQgiXQlVHiASU/cXzpo+EOC1qE/tOPdge6SjgJC39MxHFlESOHN38a9htTszCQy8rMWiPzoypL8sNv0ifg=="
    },
    "get-folder-size": {
      "version": "1.0.1",
      "resolved": "https://registry.npmjs.org/get-folder-size/-/get-folder-size-1.0.1.tgz",
      "integrity": "sha1-gC+kIIQ03nEgUYKxWrfxNSCI5YA=",
      "requires": {
        "async": "1.4.2",
        "gar": "1.0.2"
      }
    }
  }
}
